// !$*UTF8*$!
{
	archiveVersion = 1;
	classes = {
	};
	objectVersion = 55;
	objects = {

/* Begin PBXBuildFile section */
		C1005DC62A22948700366401 /* Network.swift in Sources */ = {isa = PBXBuildFile; fileRef = C1005DC52A22948700366401 /* Network.swift */; };
		C1005DCC2A22B08000366401 /* RecipientTypingIndicator.swift in Sources */ = {isa = PBXBuildFile; fileRef = C1005DCB2A22B08000366401 /* RecipientTypingIndicator.swift */; };
		C11ABAD32A155A7A00167ED0 /* CoreDataManager.swift in Sources */ = {isa = PBXBuildFile; fileRef = C11ABAD22A155A7A00167ED0 /* CoreDataManager.swift */; };
		C11ABAD92A1BA84000167ED0 /* ChatViewControllerModel.swift in Sources */ = {isa = PBXBuildFile; fileRef = C11ABAD82A1BA84000167ED0 /* ChatViewControllerModel.swift */; };
		C11ABADB2A1CE89E00167ED0 /* User.swift in Sources */ = {isa = PBXBuildFile; fileRef = C11ABADA2A1CE89E00167ED0 /* User.swift */; };
		C1BA431A29F8313400EC2694 /* SenderCapsuleBubbleView.swift in Sources */ = {isa = PBXBuildFile; fileRef = C1BA431929F8313400EC2694 /* SenderCapsuleBubbleView.swift */; };
		C1BDD1C82A12824900AB9AE3 /* ChatApp.xcdatamodeld in Sources */ = {isa = PBXBuildFile; fileRef = C1BDD1C62A12824900AB9AE3 /* ChatApp.xcdatamodeld */; };
		C1BDD1CA2A12827300AB9AE3 /* MessageCoreDataManager.swift in Sources */ = {isa = PBXBuildFile; fileRef = C1BDD1C92A12827300AB9AE3 /* MessageCoreDataManager.swift */; };
		C1BDD1D02A13840900AB9AE3 /* ChatViewModel.swift in Sources */ = {isa = PBXBuildFile; fileRef = C1BDD1CF2A13840900AB9AE3 /* ChatViewModel.swift */; };
		C1CD1A2829FB16350052BEEE /* SenderTableViewCell.swift in Sources */ = {isa = PBXBuildFile; fileRef = C1CD1A2729FB16350052BEEE /* SenderTableViewCell.swift */; };
		C1CD1A2C29FC3F3F0052BEEE /* RecipientTableViewCell.swift in Sources */ = {isa = PBXBuildFile; fileRef = C1CD1A2B29FC3F3F0052BEEE /* RecipientTableViewCell.swift */; };
		C1CD1A2F29FFBAFD0052BEEE /* ChatView.swift in Sources */ = {isa = PBXBuildFile; fileRef = C1CD1A2E29FFBAFD0052BEEE /* ChatView.swift */; };
		C1CD1A312A03CF040052BEEE /* RecipientMediumBubbleView.swift in Sources */ = {isa = PBXBuildFile; fileRef = C1CD1A302A03CF040052BEEE /* RecipientMediumBubbleView.swift */; };
		C1CD1A332A03CF120052BEEE /* RecipientSmallBubbleView.swift in Sources */ = {isa = PBXBuildFile; fileRef = C1CD1A322A03CF120052BEEE /* RecipientSmallBubbleView.swift */; };
		C1CD1A352A03CFA90052BEEE /* SenderMediumBubbleView.swift in Sources */ = {isa = PBXBuildFile; fileRef = C1CD1A342A03CFA90052BEEE /* SenderMediumBubbleView.swift */; };
		C1CD1A372A03CFB40052BEEE /* SenderSmallBubbleView.swift in Sources */ = {isa = PBXBuildFile; fileRef = C1CD1A362A03CFB40052BEEE /* SenderSmallBubbleView.swift */; };
		C1CD1A392A0781AD0052BEEE /* UILabel+Extension.swift in Sources */ = {isa = PBXBuildFile; fileRef = C1CD1A382A0781AD0052BEEE /* UILabel+Extension.swift */; };
		C1D998B729F17330009B3072 /* AppDelegate.swift in Sources */ = {isa = PBXBuildFile; fileRef = C1D998B629F17330009B3072 /* AppDelegate.swift */; };
		C1D998B929F17330009B3072 /* SceneDelegate.swift in Sources */ = {isa = PBXBuildFile; fileRef = C1D998B829F17330009B3072 /* SceneDelegate.swift */; };
		C1D998BB29F17330009B3072 /* ChatViewController.swift in Sources */ = {isa = PBXBuildFile; fileRef = C1D998BA29F17330009B3072 /* ChatViewController.swift */; };
		C1D998BE29F17330009B3072 /* Main.storyboard in Resources */ = {isa = PBXBuildFile; fileRef = C1D998BC29F17330009B3072 /* Main.storyboard */; };
		C1D998C329F17333009B3072 /* Assets.xcassets in Resources */ = {isa = PBXBuildFile; fileRef = C1D998C229F17333009B3072 /* Assets.xcassets */; };
		C1D998C629F17333009B3072 /* LaunchScreen.storyboard in Resources */ = {isa = PBXBuildFile; fileRef = C1D998C429F17333009B3072 /* LaunchScreen.storyboard */; };
		C1D998CF29F17470009B3072 /* UIColor+Extension.swift in Sources */ = {isa = PBXBuildFile; fileRef = C1D998CE29F17470009B3072 /* UIColor+Extension.swift */; };
		C1D998D129F17486009B3072 /* UIVIew+Extension.swift in Sources */ = {isa = PBXBuildFile; fileRef = C1D998D029F17486009B3072 /* UIVIew+Extension.swift */; };
		C1D998D629F174EE009B3072 /* SwitcheView.swift in Sources */ = {isa = PBXBuildFile; fileRef = C1D998D529F174EE009B3072 /* SwitcheView.swift */; };
		C1D998D829F174FB009B3072 /* RecipientCapsuleBubbleView.swift in Sources */ = {isa = PBXBuildFile; fileRef = C1D998D729F174FB009B3072 /* RecipientCapsuleBubbleView.swift */; };
		C1F205BF29F2A9B5005C2171 /* RecipientMessageView.swift in Sources */ = {isa = PBXBuildFile; fileRef = C1F205BE29F2A9B5005C2171 /* RecipientMessageView.swift */; };
		C1F205C129F40D2F005C2171 /* TypingAreaView.swift in Sources */ = {isa = PBXBuildFile; fileRef = C1F205C029F40D2E005C2171 /* TypingAreaView.swift */; };
		C1F205E629F7F104005C2171 /* SenderMessageView.swift in Sources */ = {isa = PBXBuildFile; fileRef = C1F205E529F7F103005C2171 /* SenderMessageView.swift */; };
/* End PBXBuildFile section */

/* Begin PBXFileReference section */
		C1005DC52A22948700366401 /* Network.swift */ = {isa = PBXFileReference; lastKnownFileType = sourcecode.swift; path = Network.swift; sourceTree = "<group>"; };
		C1005DCB2A22B08000366401 /* RecipientTypingIndicator.swift */ = {isa = PBXFileReference; lastKnownFileType = sourcecode.swift; path = RecipientTypingIndicator.swift; sourceTree = "<group>"; };
		C11ABAD22A155A7A00167ED0 /* CoreDataManager.swift */ = {isa = PBXFileReference; lastKnownFileType = sourcecode.swift; path = CoreDataManager.swift; sourceTree = "<group>"; };
		C11ABAD82A1BA84000167ED0 /* ChatViewControllerModel.swift */ = {isa = PBXFileReference; lastKnownFileType = sourcecode.swift; path = ChatViewControllerModel.swift; sourceTree = "<group>"; };
		C11ABADA2A1CE89E00167ED0 /* User.swift */ = {isa = PBXFileReference; lastKnownFileType = sourcecode.swift; path = User.swift; sourceTree = "<group>"; };
		C1BA431929F8313400EC2694 /* SenderCapsuleBubbleView.swift */ = {isa = PBXFileReference; lastKnownFileType = sourcecode.swift; path = SenderCapsuleBubbleView.swift; sourceTree = "<group>"; };
		C1BDD1C72A12824900AB9AE3 /* ChatApp.xcdatamodel */ = {isa = PBXFileReference; lastKnownFileType = wrapper.xcdatamodel; path = ChatApp.xcdatamodel; sourceTree = "<group>"; };
		C1BDD1C92A12827300AB9AE3 /* MessageCoreDataManager.swift */ = {isa = PBXFileReference; lastKnownFileType = sourcecode.swift; path = MessageCoreDataManager.swift; sourceTree = "<group>"; };
		C1BDD1CF2A13840900AB9AE3 /* ChatViewModel.swift */ = {isa = PBXFileReference; lastKnownFileType = sourcecode.swift; path = ChatViewModel.swift; sourceTree = "<group>"; };
		C1CD1A2729FB16350052BEEE /* SenderTableViewCell.swift */ = {isa = PBXFileReference; lastKnownFileType = sourcecode.swift; path = SenderTableViewCell.swift; sourceTree = "<group>"; };
		C1CD1A2B29FC3F3F0052BEEE /* RecipientTableViewCell.swift */ = {isa = PBXFileReference; lastKnownFileType = sourcecode.swift; path = RecipientTableViewCell.swift; sourceTree = "<group>"; };
		C1CD1A2E29FFBAFD0052BEEE /* ChatView.swift */ = {isa = PBXFileReference; lastKnownFileType = sourcecode.swift; path = ChatView.swift; sourceTree = "<group>"; };
		C1CD1A302A03CF040052BEEE /* RecipientMediumBubbleView.swift */ = {isa = PBXFileReference; lastKnownFileType = sourcecode.swift; path = RecipientMediumBubbleView.swift; sourceTree = "<group>"; };
		C1CD1A322A03CF120052BEEE /* RecipientSmallBubbleView.swift */ = {isa = PBXFileReference; lastKnownFileType = sourcecode.swift; path = RecipientSmallBubbleView.swift; sourceTree = "<group>"; };
		C1CD1A342A03CFA90052BEEE /* SenderMediumBubbleView.swift */ = {isa = PBXFileReference; lastKnownFileType = sourcecode.swift; path = SenderMediumBubbleView.swift; sourceTree = "<group>"; };
		C1CD1A362A03CFB40052BEEE /* SenderSmallBubbleView.swift */ = {isa = PBXFileReference; lastKnownFileType = sourcecode.swift; path = SenderSmallBubbleView.swift; sourceTree = "<group>"; };
		C1CD1A382A0781AD0052BEEE /* UILabel+Extension.swift */ = {isa = PBXFileReference; lastKnownFileType = sourcecode.swift; path = "UILabel+Extension.swift"; sourceTree = "<group>"; };
		C1D998B329F17330009B3072 /* ChatApp.app */ = {isa = PBXFileReference; explicitFileType = wrapper.application; includeInIndex = 0; path = ChatApp.app; sourceTree = BUILT_PRODUCTS_DIR; };
		C1D998B629F17330009B3072 /* AppDelegate.swift */ = {isa = PBXFileReference; lastKnownFileType = sourcecode.swift; path = AppDelegate.swift; sourceTree = "<group>"; };
		C1D998B829F17330009B3072 /* SceneDelegate.swift */ = {isa = PBXFileReference; lastKnownFileType = sourcecode.swift; path = SceneDelegate.swift; sourceTree = "<group>"; };
		C1D998BA29F17330009B3072 /* ChatViewController.swift */ = {isa = PBXFileReference; lastKnownFileType = sourcecode.swift; path = ChatViewController.swift; sourceTree = "<group>"; };
		C1D998BD29F17330009B3072 /* Base */ = {isa = PBXFileReference; lastKnownFileType = file.storyboard; name = Base; path = Base.lproj/Main.storyboard; sourceTree = "<group>"; };
		C1D998C229F17333009B3072 /* Assets.xcassets */ = {isa = PBXFileReference; lastKnownFileType = folder.assetcatalog; path = Assets.xcassets; sourceTree = "<group>"; };
		C1D998C529F17333009B3072 /* Base */ = {isa = PBXFileReference; lastKnownFileType = file.storyboard; name = Base; path = Base.lproj/LaunchScreen.storyboard; sourceTree = "<group>"; };
		C1D998C729F17333009B3072 /* Info.plist */ = {isa = PBXFileReference; lastKnownFileType = text.plist.xml; path = Info.plist; sourceTree = "<group>"; };
		C1D998CE29F17470009B3072 /* UIColor+Extension.swift */ = {isa = PBXFileReference; lastKnownFileType = sourcecode.swift; path = "UIColor+Extension.swift"; sourceTree = "<group>"; };
		C1D998D029F17486009B3072 /* UIVIew+Extension.swift */ = {isa = PBXFileReference; lastKnownFileType = sourcecode.swift; path = "UIVIew+Extension.swift"; sourceTree = "<group>"; };
		C1D998D529F174EE009B3072 /* SwitcheView.swift */ = {isa = PBXFileReference; lastKnownFileType = sourcecode.swift; path = SwitcheView.swift; sourceTree = "<group>"; };
		C1D998D729F174FB009B3072 /* RecipientCapsuleBubbleView.swift */ = {isa = PBXFileReference; lastKnownFileType = sourcecode.swift; path = RecipientCapsuleBubbleView.swift; sourceTree = "<group>"; };
		C1F205BE29F2A9B5005C2171 /* RecipientMessageView.swift */ = {isa = PBXFileReference; lastKnownFileType = sourcecode.swift; path = RecipientMessageView.swift; sourceTree = "<group>"; };
		C1F205C029F40D2E005C2171 /* TypingAreaView.swift */ = {isa = PBXFileReference; lastKnownFileType = sourcecode.swift; path = TypingAreaView.swift; sourceTree = "<group>"; };
		C1F205E529F7F103005C2171 /* SenderMessageView.swift */ = {isa = PBXFileReference; lastKnownFileType = sourcecode.swift; path = SenderMessageView.swift; sourceTree = "<group>"; };
/* End PBXFileReference section */

/* Begin PBXFrameworksBuildPhase section */
		C1D998B029F17330009B3072 /* Frameworks */ = {
			isa = PBXFrameworksBuildPhase;
			buildActionMask = 2147483647;
			files = (
			);
			runOnlyForDeploymentPostprocessing = 0;
		};
/* End PBXFrameworksBuildPhase section */

/* Begin PBXGroup section */
		C1005DC42A22946B00366401 /* Network */ = {
			isa = PBXGroup;
			children = (
				C1005DC52A22948700366401 /* Network.swift */,
			);
			path = Network;
			sourceTree = "<group>";
		};
		C12FE1E72A1E2E2A00E1A705 /* ChatView */ = {
			isa = PBXGroup;
			children = (
				C1CD1A2E29FFBAFD0052BEEE /* ChatView.swift */,
				C1BDD1CF2A13840900AB9AE3 /* ChatViewModel.swift */,
				C1CD1A2B29FC3F3F0052BEEE /* RecipientTableViewCell.swift */,
				C1CD1A2729FB16350052BEEE /* SenderTableViewCell.swift */,
			);
			path = ChatView;
			sourceTree = "<group>";
		};
		C1BDD1C52A12822F00AB9AE3 /* Core Data */ = {
			isa = PBXGroup;
			children = (
				C1BDD1C62A12824900AB9AE3 /* ChatApp.xcdatamodeld */,
				C11ABAD22A155A7A00167ED0 /* CoreDataManager.swift */,
				C1BDD1C92A12827300AB9AE3 /* MessageCoreDataManager.swift */,
			);
			path = "Core Data";
			sourceTree = "<group>";
		};
		C1CD1A1F29F95FB40052BEEE /* Recipient */ = {
			isa = PBXGroup;
			children = (
				C1D998D729F174FB009B3072 /* RecipientCapsuleBubbleView.swift */,
				C1CD1A302A03CF040052BEEE /* RecipientMediumBubbleView.swift */,
				C1CD1A322A03CF120052BEEE /* RecipientSmallBubbleView.swift */,
				C1F205BE29F2A9B5005C2171 /* RecipientMessageView.swift */,
				C1005DCB2A22B08000366401 /* RecipientTypingIndicator.swift */,
			);
			name = Recipient;
			sourceTree = "<group>";
		};
		C1CD1A2029F95FD70052BEEE /* Sender */ = {
			isa = PBXGroup;
			children = (
				C1BA431929F8313400EC2694 /* SenderCapsuleBubbleView.swift */,
				C1CD1A342A03CFA90052BEEE /* SenderMediumBubbleView.swift */,
				C1CD1A362A03CFB40052BEEE /* SenderSmallBubbleView.swift */,
				C1F205E529F7F103005C2171 /* SenderMessageView.swift */,
			);
			path = Sender;
			sourceTree = "<group>";
		};
		C1D998AA29F17330009B3072 = {
			isa = PBXGroup;
			children = (
				C1D998B529F17330009B3072 /* ChatApp */,
				C1D998B429F17330009B3072 /* Products */,
			);
			sourceTree = "<group>";
		};
		C1D998B429F17330009B3072 /* Products */ = {
			isa = PBXGroup;
			children = (
				C1D998B329F17330009B3072 /* ChatApp.app */,
			);
			name = Products;
			sourceTree = "<group>";
		};
		C1D998B529F17330009B3072 /* ChatApp */ = {
			isa = PBXGroup;
			children = (
				C1BDD1C52A12822F00AB9AE3 /* Core Data */,
				C1005DC42A22946B00366401 /* Network */,
				C1D998CD29F1745C009B3072 /* Extensions */,
				C1D998D329F174BD009B3072 /* View */,
				C12FE1E72A1E2E2A00E1A705 /* ChatView */,
				C1D998D229F174B1009B3072 /* ChatViewController */,
				C1D998B629F17330009B3072 /* AppDelegate.swift */,
				C1D998B829F17330009B3072 /* SceneDelegate.swift */,
				C1D998C229F17333009B3072 /* Assets.xcassets */,
				C1D998BC29F17330009B3072 /* Main.storyboard */,
				C1D998C429F17333009B3072 /* LaunchScreen.storyboard */,
				C1D998C729F17333009B3072 /* Info.plist */,
			);
			path = ChatApp;
			sourceTree = "<group>";
		};
		C1D998CD29F1745C009B3072 /* Extensions */ = {
			isa = PBXGroup;
			children = (
				C1D998CE29F17470009B3072 /* UIColor+Extension.swift */,
				C1D998D029F17486009B3072 /* UIVIew+Extension.swift */,
				C1CD1A382A0781AD0052BEEE /* UILabel+Extension.swift */,
			);
			path = Extensions;
			sourceTree = "<group>";
		};
		C1D998D229F174B1009B3072 /* ChatViewController */ = {
			isa = PBXGroup;
			children = (
				C1D998BA29F17330009B3072 /* ChatViewController.swift */,
				C11ABAD82A1BA84000167ED0 /* ChatViewControllerModel.swift */,
				C11ABADA2A1CE89E00167ED0 /* User.swift */,
			);
			path = ChatViewController;
			sourceTree = "<group>";
		};
		C1D998D329F174BD009B3072 /* View */ = {
			isa = PBXGroup;
			children = (
				C1D998D529F174EE009B3072 /* SwitcheView.swift */,
				C1F205C029F40D2E005C2171 /* TypingAreaView.swift */,
				C1CD1A1F29F95FB40052BEEE /* Recipient */,
				C1CD1A2029F95FD70052BEEE /* Sender */,
			);
			path = View;
			sourceTree = "<group>";
		};
/* End PBXGroup section */

/* Begin PBXNativeTarget section */
		C1D998B229F17330009B3072 /* ChatApp */ = {
			isa = PBXNativeTarget;
			buildConfigurationList = C1D998CA29F17333009B3072 /* Build configuration list for PBXNativeTarget "ChatApp" */;
			buildPhases = (
				C1D998AF29F17330009B3072 /* Sources */,
				C1D998B029F17330009B3072 /* Frameworks */,
				C1D998B129F17330009B3072 /* Resources */,
			);
			buildRules = (
			);
			dependencies = (
			);
			name = ChatApp;
			productName = ChatApp;
			productReference = C1D998B329F17330009B3072 /* ChatApp.app */;
			productType = "com.apple.product-type.application";
		};
/* End PBXNativeTarget section */

/* Begin PBXProject section */
		C1D998AB29F17330009B3072 /* Project object */ = {
			isa = PBXProject;
			attributes = {
				BuildIndependentTargetsInParallel = 1;
				LastSwiftUpdateCheck = 1320;
				LastUpgradeCheck = 1320;
				TargetAttributes = {
					C1D998B229F17330009B3072 = {
						CreatedOnToolsVersion = 13.2.1;
					};
				};
			};
			buildConfigurationList = C1D998AE29F17330009B3072 /* Build configuration list for PBXProject "ChatApp" */;
			compatibilityVersion = "Xcode 13.0";
			developmentRegion = en;
			hasScannedForEncodings = 0;
			knownRegions = (
				en,
				Base,
			);
			mainGroup = C1D998AA29F17330009B3072;
			productRefGroup = C1D998B429F17330009B3072 /* Products */;
			projectDirPath = "";
			projectRoot = "";
			targets = (
				C1D998B229F17330009B3072 /* ChatApp */,
			);
		};
/* End PBXProject section */

/* Begin PBXResourcesBuildPhase section */
		C1D998B129F17330009B3072 /* Resources */ = {
			isa = PBXResourcesBuildPhase;
			buildActionMask = 2147483647;
			files = (
				C1D998C629F17333009B3072 /* LaunchScreen.storyboard in Resources */,
				C1D998C329F17333009B3072 /* Assets.xcassets in Resources */,
				C1D998BE29F17330009B3072 /* Main.storyboard in Resources */,
			);
			runOnlyForDeploymentPostprocessing = 0;
		};
/* End PBXResourcesBuildPhase section */

/* Begin PBXSourcesBuildPhase section */
		C1D998AF29F17330009B3072 /* Sources */ = {
			isa = PBXSourcesBuildPhase;
			buildActionMask = 2147483647;
			files = (
				C11ABADB2A1CE89E00167ED0 /* User.swift in Sources */,
				C1CD1A352A03CFA90052BEEE /* SenderMediumBubbleView.swift in Sources */,
				C1CD1A392A0781AD0052BEEE /* UILabel+Extension.swift in Sources */,
				C1D998BB29F17330009B3072 /* ChatViewController.swift in Sources */,
				C1CD1A2829FB16350052BEEE /* SenderTableViewCell.swift in Sources */,
				C1CD1A332A03CF120052BEEE /* RecipientSmallBubbleView.swift in Sources */,
				C11ABAD92A1BA84000167ED0 /* ChatViewControllerModel.swift in Sources */,
				C11ABAD32A155A7A00167ED0 /* CoreDataManager.swift in Sources */,
				C1005DCC2A22B08000366401 /* RecipientTypingIndicator.swift in Sources */,
				C1CD1A2F29FFBAFD0052BEEE /* ChatView.swift in Sources */,
				C1F205C129F40D2F005C2171 /* TypingAreaView.swift in Sources */,
				C1BA431A29F8313400EC2694 /* SenderCapsuleBubbleView.swift in Sources */,
				C1D998D829F174FB009B3072 /* RecipientCapsuleBubbleView.swift in Sources */,
				C1005DC62A22948700366401 /* Network.swift in Sources */,
				C1BDD1CA2A12827300AB9AE3 /* MessageCoreDataManager.swift in Sources */,
				C1BDD1C82A12824900AB9AE3 /* ChatApp.xcdatamodeld in Sources */,
				C1CD1A312A03CF040052BEEE /* RecipientMediumBubbleView.swift in Sources */,
				C1F205BF29F2A9B5005C2171 /* RecipientMessageView.swift in Sources */,
				C1D998D129F17486009B3072 /* UIVIew+Extension.swift in Sources */,
				C1CD1A2C29FC3F3F0052BEEE /* RecipientTableViewCell.swift in Sources */,
				C1BDD1D02A13840900AB9AE3 /* ChatViewModel.swift in Sources */,
				C1D998B729F17330009B3072 /* AppDelegate.swift in Sources */,
				C1D998B929F17330009B3072 /* SceneDelegate.swift in Sources */,
				C1CD1A372A03CFB40052BEEE /* SenderSmallBubbleView.swift in Sources */,
				C1D998CF29F17470009B3072 /* UIColor+Extension.swift in Sources */,
				C1F205E629F7F104005C2171 /* SenderMessageView.swift in Sources */,
				C1D998D629F174EE009B3072 /* SwitcheView.swift in Sources */,
			);
			runOnlyForDeploymentPostprocessing = 0;
		};
/* End PBXSourcesBuildPhase section */

/* Begin PBXVariantGroup section */
		C1D998BC29F17330009B3072 /* Main.storyboard */ = {
			isa = PBXVariantGroup;
			children = (
				C1D998BD29F17330009B3072 /* Base */,
			);
			name = Main.storyboard;
			sourceTree = "<group>";
		};
		C1D998C429F17333009B3072 /* LaunchScreen.storyboard */ = {
			isa = PBXVariantGroup;
			children = (
				C1D998C529F17333009B3072 /* Base */,
			);
			name = LaunchScreen.storyboard;
			sourceTree = "<group>";
		};
/* End PBXVariantGroup section */

/* Begin XCBuildConfiguration section */
		C1D998C829F17333009B3072 /* Debug */ = {
			isa = XCBuildConfiguration;
			buildSettings = {
				ALWAYS_SEARCH_USER_PATHS = NO;
				CLANG_ANALYZER_NONNULL = YES;
				CLANG_ANALYZER_NUMBER_OBJECT_CONVERSION = YES_AGGRESSIVE;
				CLANG_CXX_LANGUAGE_STANDARD = "gnu++17";
				CLANG_CXX_LIBRARY = "libc++";
				CLANG_ENABLE_MODULES = YES;
				CLANG_ENABLE_OBJC_ARC = YES;
				CLANG_ENABLE_OBJC_WEAK = YES;
				CLANG_WARN_BLOCK_CAPTURE_AUTORELEASING = YES;
				CLANG_WARN_BOOL_CONVERSION = YES;
				CLANG_WARN_COMMA = YES;
				CLANG_WARN_CONSTANT_CONVERSION = YES;
				CLANG_WARN_DEPRECATED_OBJC_IMPLEMENTATIONS = YES;
				CLANG_WARN_DIRECT_OBJC_ISA_USAGE = YES_ERROR;
				CLANG_WARN_DOCUMENTATION_COMMENTS = YES;
				CLANG_WARN_EMPTY_BODY = YES;
				CLANG_WARN_ENUM_CONVERSION = YES;
				CLANG_WARN_INFINITE_RECURSION = YES;
				CLANG_WARN_INT_CONVERSION = YES;
				CLANG_WARN_NON_LITERAL_NULL_CONVERSION = YES;
				CLANG_WARN_OBJC_IMPLICIT_RETAIN_SELF = YES;
				CLANG_WARN_OBJC_LITERAL_CONVERSION = YES;
				CLANG_WARN_OBJC_ROOT_CLASS = YES_ERROR;
				CLANG_WARN_QUOTED_INCLUDE_IN_FRAMEWORK_HEADER = YES;
				CLANG_WARN_RANGE_LOOP_ANALYSIS = YES;
				CLANG_WARN_STRICT_PROTOTYPES = YES;
				CLANG_WARN_SUSPICIOUS_MOVE = YES;
				CLANG_WARN_UNGUARDED_AVAILABILITY = YES_AGGRESSIVE;
				CLANG_WARN_UNREACHABLE_CODE = YES;
				CLANG_WARN__DUPLICATE_METHOD_MATCH = YES;
				COPY_PHASE_STRIP = NO;
				DEBUG_INFORMATION_FORMAT = dwarf;
				ENABLE_STRICT_OBJC_MSGSEND = YES;
				ENABLE_TESTABILITY = YES;
				GCC_C_LANGUAGE_STANDARD = gnu11;
				GCC_DYNAMIC_NO_PIC = NO;
				GCC_NO_COMMON_BLOCKS = YES;
				GCC_OPTIMIZATION_LEVEL = 0;
				GCC_PREPROCESSOR_DEFINITIONS = (
					"DEBUG=1",
					"$(inherited)",
				);
				GCC_WARN_64_TO_32_BIT_CONVERSION = YES;
				GCC_WARN_ABOUT_RETURN_TYPE = YES_ERROR;
				GCC_WARN_UNDECLARED_SELECTOR = YES;
				GCC_WARN_UNINITIALIZED_AUTOS = YES_AGGRESSIVE;
				GCC_WARN_UNUSED_FUNCTION = YES;
				GCC_WARN_UNUSED_VARIABLE = YES;
				IPHONEOS_DEPLOYMENT_TARGET = 15.2;
				MTL_ENABLE_DEBUG_INFO = INCLUDE_SOURCE;
				MTL_FAST_MATH = YES;
				ONLY_ACTIVE_ARCH = YES;
				SDKROOT = iphoneos;
				SWIFT_ACTIVE_COMPILATION_CONDITIONS = DEBUG;
				SWIFT_OPTIMIZATION_LEVEL = "-Onone";
			};
			name = Debug;
		};
		C1D998C929F17333009B3072 /* Release */ = {
			isa = XCBuildConfiguration;
			buildSettings = {
				ALWAYS_SEARCH_USER_PATHS = NO;
				CLANG_ANALYZER_NONNULL = YES;
				CLANG_ANALYZER_NUMBER_OBJECT_CONVERSION = YES_AGGRESSIVE;
				CLANG_CXX_LANGUAGE_STANDARD = "gnu++17";
				CLANG_CXX_LIBRARY = "libc++";
				CLANG_ENABLE_MODULES = YES;
				CLANG_ENABLE_OBJC_ARC = YES;
				CLANG_ENABLE_OBJC_WEAK = YES;
				CLANG_WARN_BLOCK_CAPTURE_AUTORELEASING = YES;
				CLANG_WARN_BOOL_CONVERSION = YES;
				CLANG_WARN_COMMA = YES;
				CLANG_WARN_CONSTANT_CONVERSION = YES;
				CLANG_WARN_DEPRECATED_OBJC_IMPLEMENTATIONS = YES;
				CLANG_WARN_DIRECT_OBJC_ISA_USAGE = YES_ERROR;
				CLANG_WARN_DOCUMENTATION_COMMENTS = YES;
				CLANG_WARN_EMPTY_BODY = YES;
				CLANG_WARN_ENUM_CONVERSION = YES;
				CLANG_WARN_INFINITE_RECURSION = YES;
				CLANG_WARN_INT_CONVERSION = YES;
				CLANG_WARN_NON_LITERAL_NULL_CONVERSION = YES;
				CLANG_WARN_OBJC_IMPLICIT_RETAIN_SELF = YES;
				CLANG_WARN_OBJC_LITERAL_CONVERSION = YES;
				CLANG_WARN_OBJC_ROOT_CLASS = YES_ERROR;
				CLANG_WARN_QUOTED_INCLUDE_IN_FRAMEWORK_HEADER = YES;
				CLANG_WARN_RANGE_LOOP_ANALYSIS = YES;
				CLANG_WARN_STRICT_PROTOTYPES = YES;
				CLANG_WARN_SUSPICIOUS_MOVE = YES;
				CLANG_WARN_UNGUARDED_AVAILABILITY = YES_AGGRESSIVE;
				CLANG_WARN_UNREACHABLE_CODE = YES;
				CLANG_WARN__DUPLICATE_METHOD_MATCH = YES;
				COPY_PHASE_STRIP = NO;
				DEBUG_INFORMATION_FORMAT = "dwarf-with-dsym";
				ENABLE_NS_ASSERTIONS = NO;
				ENABLE_STRICT_OBJC_MSGSEND = YES;
				GCC_C_LANGUAGE_STANDARD = gnu11;
				GCC_NO_COMMON_BLOCKS = YES;
				GCC_WARN_64_TO_32_BIT_CONVERSION = YES;
				GCC_WARN_ABOUT_RETURN_TYPE = YES_ERROR;
				GCC_WARN_UNDECLARED_SELECTOR = YES;
				GCC_WARN_UNINITIALIZED_AUTOS = YES_AGGRESSIVE;
				GCC_WARN_UNUSED_FUNCTION = YES;
				GCC_WARN_UNUSED_VARIABLE = YES;
				IPHONEOS_DEPLOYMENT_TARGET = 15.2;
				MTL_ENABLE_DEBUG_INFO = NO;
				MTL_FAST_MATH = YES;
				SDKROOT = iphoneos;
				SWIFT_COMPILATION_MODE = wholemodule;
				SWIFT_OPTIMIZATION_LEVEL = "-O";
				VALIDATE_PRODUCT = YES;
			};
			name = Release;
		};
		C1D998CB29F17333009B3072 /* Debug */ = {
			isa = XCBuildConfiguration;
			buildSettings = {
				ASSETCATALOG_COMPILER_APPICON_NAME = AppIcon;
				ASSETCATALOG_COMPILER_GLOBAL_ACCENT_COLOR_NAME = AccentColor;
				CODE_SIGN_STYLE = Automatic;
				CURRENT_PROJECT_VERSION = 1;
				GENERATE_INFOPLIST_FILE = YES;
				INFOPLIST_FILE = ChatApp/Info.plist;
				INFOPLIST_KEY_LSApplicationCategoryType = "";
				INFOPLIST_KEY_UIApplicationSupportsIndirectInputEvents = YES;
				INFOPLIST_KEY_UILaunchStoryboardName = LaunchScreen;
				INFOPLIST_KEY_UISupportedInterfaceOrientations = "";
				INFOPLIST_KEY_UISupportedInterfaceOrientations_iPad = "UIInterfaceOrientationPortrait UIInterfaceOrientationPortraitUpsideDown UIInterfaceOrientationLandscapeLeft UIInterfaceOrientationLandscapeRight";
				INFOPLIST_KEY_UISupportedInterfaceOrientations_iPhone = "UIInterfaceOrientationPortrait UIInterfaceOrientationLandscapeLeft UIInterfaceOrientationLandscapeRight";
				IPHONEOS_DEPLOYMENT_TARGET = 15.2;
				LD_RUNPATH_SEARCH_PATHS = (
					"$(inherited)",
					"@executable_path/Frameworks",
				);
				MARKETING_VERSION = 1.0;
				PRODUCT_BUNDLE_IDENTIFIER = AnaDzebniauri.ChatApp;
				PRODUCT_NAME = "$(TARGET_NAME)";
				SWIFT_EMIT_LOC_STRINGS = YES;
				SWIFT_VERSION = 5.0;
				TARGETED_DEVICE_FAMILY = "1,2";
			};
			name = Debug;
		};
		C1D998CC29F17333009B3072 /* Release */ = {
			isa = XCBuildConfiguration;
			buildSettings = {
				ASSETCATALOG_COMPILER_APPICON_NAME = AppIcon;
				ASSETCATALOG_COMPILER_GLOBAL_ACCENT_COLOR_NAME = AccentColor;
				CODE_SIGN_STYLE = Automatic;
				CURRENT_PROJECT_VERSION = 1;
				GENERATE_INFOPLIST_FILE = YES;
				INFOPLIST_FILE = ChatApp/Info.plist;
				INFOPLIST_KEY_LSApplicationCategoryType = "";
				INFOPLIST_KEY_UIApplicationSupportsIndirectInputEvents = YES;
				INFOPLIST_KEY_UILaunchStoryboardName = LaunchScreen;
				INFOPLIST_KEY_UISupportedInterfaceOrientations = "";
				INFOPLIST_KEY_UISupportedInterfaceOrientations_iPad = "UIInterfaceOrientationPortrait UIInterfaceOrientationPortraitUpsideDown UIInterfaceOrientationLandscapeLeft UIInterfaceOrientationLandscapeRight";
				INFOPLIST_KEY_UISupportedInterfaceOrientations_iPhone = "UIInterfaceOrientationPortrait UIInterfaceOrientationLandscapeLeft UIInterfaceOrientationLandscapeRight";
				IPHONEOS_DEPLOYMENT_TARGET = 15.2;
				LD_RUNPATH_SEARCH_PATHS = (
					"$(inherited)",
					"@executable_path/Frameworks",
				);
				MARKETING_VERSION = 1.0;
				PRODUCT_BUNDLE_IDENTIFIER = AnaDzebniauri.ChatApp;
				PRODUCT_NAME = "$(TARGET_NAME)";
				SWIFT_EMIT_LOC_STRINGS = YES;
				SWIFT_VERSION = 5.0;
				TARGETED_DEVICE_FAMILY = "1,2";
			};
			name = Release;
		};
/* End XCBuildConfiguration section */

/* Begin XCConfigurationList section */
		C1D998AE29F17330009B3072 /* Build configuration list for PBXProject "ChatApp" */ = {
			isa = XCConfigurationList;
			buildConfigurations = (
				C1D998C829F17333009B3072 /* Debug */,
				C1D998C929F17333009B3072 /* Release */,
			);
			defaultConfigurationIsVisible = 0;
			defaultConfigurationName = Release;
		};
		C1D998CA29F17333009B3072 /* Build configuration list for PBXNativeTarget "ChatApp" */ = {
			isa = XCConfigurationList;
			buildConfigurations = (
				C1D998CB29F17333009B3072 /* Debug */,
				C1D998CC29F17333009B3072 /* Release */,
			);
			defaultConfigurationIsVisible = 0;
			defaultConfigurationName = Release;
		};
/* End XCConfigurationList section */

/* Begin XCVersionGroup section */
		C1BDD1C62A12824900AB9AE3 /* ChatApp.xcdatamodeld */ = {
			isa = XCVersionGroup;
			children = (
				C1BDD1C72A12824900AB9AE3 /* ChatApp.xcdatamodel */,
			);
			currentVersion = C1BDD1C72A12824900AB9AE3 /* ChatApp.xcdatamodel */;
			path = ChatApp.xcdatamodeld;
			sourceTree = "<group>";
			versionGroupType = wrapper.xcdatamodel;
		};
/* End XCVersionGroup section */
	};
	rootObject = C1D998AB29F17330009B3072 /* Project object */;
}
